// !$*UTF8*$!
{
	archiveVersion = 1;
	classes = {
	};
	objectVersion = 56;
	objects = {

/* Begin PBXAggregateTarget section */
		B642243B2B697A7300BAA595 /* AEPNotificationContentXCF */ = {
			isa = PBXAggregateTarget;
			buildConfigurationList = B642243E2B697A7300BAA595 /* Build configuration list for PBXAggregateTarget "AEPNotificationContentXCF" */;
			buildPhases = (
			);
			dependencies = (
				B64224402B697B6400BAA595 /* PBXTargetDependency */,
			);
			name = AEPNotificationContentXCF;
			productName = AEPNotificationContentXCF;
		};
/* End PBXAggregateTarget section */

/* Begin PBXBuildFile section */
		B632B3562B63183800D04C48 /* DemoApp.swift in Sources */ = {isa = PBXBuildFile; fileRef = B632B3512B63182000D04C48 /* DemoApp.swift */; };
		B632B3572B63183E00D04C48 /* ContentView.swift in Sources */ = {isa = PBXBuildFile; fileRef = B632B3502B63182000D04C48 /* ContentView.swift */; };
		B632B35A2B63213800D04C48 /* Assets.xcassets in Resources */ = {isa = PBXBuildFile; fileRef = B632B34D2B63182000D04C48 /* Assets.xcassets */; };
		B632B3602B63230000D04C48 /* UserNotifications.framework in Frameworks */ = {isa = PBXBuildFile; fileRef = B6ADF4852B62F34A007D8DDB /* UserNotifications.framework */; };
		B632B3612B63230000D04C48 /* UserNotificationsUI.framework in Frameworks */ = {isa = PBXBuildFile; fileRef = B6ADF4862B62F34A007D8DDB /* UserNotificationsUI.framework */; };
		B632B3642B63230000D04C48 /* NotificationViewController.swift in Sources */ = {isa = PBXBuildFile; fileRef = B632B3632B63230000D04C48 /* NotificationViewController.swift */; };
		B632B3672B63230000D04C48 /* MainInterface.storyboard in Resources */ = {isa = PBXBuildFile; fileRef = B632B3652B63230000D04C48 /* MainInterface.storyboard */; };
		B632B36B2B63230000D04C48 /* DemoAppNotificationContent.appex in Embed Foundation Extensions */ = {isa = PBXBuildFile; fileRef = B632B35F2B63230000D04C48 /* DemoAppNotificationContent.appex */; settings = {ATTRIBUTES = (RemoveHeadersOnCopy, ); }; };
		B632B3712B64193400D04C48 /* AEPNotificationContentConstants.swift in Sources */ = {isa = PBXBuildFile; fileRef = B632B3702B64193400D04C48 /* AEPNotificationContentConstants.swift */; };
		B64224372B6872DB00BAA595 /* AEPNotificationContent.framework in Frameworks */ = {isa = PBXBuildFile; fileRef = B6E9FFBD2B5AE672003E9D10 /* AEPNotificationContent.framework */; };
		B64224392B688FE100BAA595 /* AppDelegate.swift in Sources */ = {isa = PBXBuildFile; fileRef = B64224382B688FE100BAA595 /* AppDelegate.swift */; };
		B64224432B6ABDED00BAA595 /* ImageDownloader.swift in Sources */ = {isa = PBXBuildFile; fileRef = B64224422B6ABDED00BAA595 /* ImageDownloader.swift */; };
		B64224452B6C4F0C00BAA595 /* ImageDownloadError.swift in Sources */ = {isa = PBXBuildFile; fileRef = B64224442B6C4F0C00BAA595 /* ImageDownloadError.swift */; };
		B69F9F332B6D804B00AC4B91 /* FallbackTemplateController.swift in Sources */ = {isa = PBXBuildFile; fileRef = B69F9F322B6D804B00AC4B91 /* FallbackTemplateController.swift */; };
		B69F9F352B6F173C00AC4B91 /* TitleDescriptionView.swift in Sources */ = {isa = PBXBuildFile; fileRef = B69F9F342B6F173C00AC4B91 /* TitleDescriptionView.swift */; };
		B69F9F372B70118800AC4B91 /* BasicTemplateController.swift in Sources */ = {isa = PBXBuildFile; fileRef = B69F9F362B70118800AC4B91 /* BasicTemplateController.swift */; };
		B6ADF4702B62EFBB007D8DDB /* AEPNotificationViewController.swift in Sources */ = {isa = PBXBuildFile; fileRef = B6ADF46E2B62EFBB007D8DDB /* AEPNotificationViewController.swift */; };
		B6ADF4712B62EFBB007D8DDB /* AEPNotificationContent.h in Headers */ = {isa = PBXBuildFile; fileRef = B6ADF46F2B62EFBB007D8DDB /* AEPNotificationContent.h */; settings = {ATTRIBUTES = (Public, ); }; };
		B6ADF4872B62F34A007D8DDB /* UserNotifications.framework in Frameworks */ = {isa = PBXBuildFile; fileRef = B6ADF4852B62F34A007D8DDB /* UserNotifications.framework */; };
		B6ADF4882B62F34A007D8DDB /* UserNotificationsUI.framework in Frameworks */ = {isa = PBXBuildFile; fileRef = B6ADF4862B62F34A007D8DDB /* UserNotificationsUI.framework */; };
		B6E073C12B717ED2000B9E0B /* String+LabelHeight.swift in Sources */ = {isa = PBXBuildFile; fileRef = B6E073C02B717ED2000B9E0B /* String+LabelHeight.swift */; };
		B6E073C32B71B53C000B9E0B /* BasicTemplatePayload.swift in Sources */ = {isa = PBXBuildFile; fileRef = B6E073C22B71B53C000B9E0B /* BasicTemplatePayload.swift */; };
		B6E073C52B71B6B2000B9E0B /* TitleDescriptionPayload.swift in Sources */ = {isa = PBXBuildFile; fileRef = B6E073C42B71B6B2000B9E0B /* TitleDescriptionPayload.swift */; };
		B6E073C72B71D5C4000B9E0B /* Color+HexString.swift in Sources */ = {isa = PBXBuildFile; fileRef = B6E073C62B71D5C4000B9E0B /* Color+HexString.swift */; };
		D1AF3549E9FABE234DE3040F /* Pods_DemoApp.framework in Frameworks */ = {isa = PBXBuildFile; fileRef = BF013C8606FDB41E7336EBD9 /* Pods_DemoApp.framework */; };
/* End PBXBuildFile section */

/* Begin PBXContainerItemProxy section */
		B632B3692B63230000D04C48 /* PBXContainerItemProxy */ = {
			isa = PBXContainerItemProxy;
			containerPortal = B6E9FFB42B5AE672003E9D10 /* Project object */;
			proxyType = 1;
			remoteGlobalIDString = B632B35E2B63230000D04C48;
			remoteInfo = DemoAppNotificationContent;
		};
		B642243F2B697B6400BAA595 /* PBXContainerItemProxy */ = {
			isa = PBXContainerItemProxy;
			containerPortal = B6E9FFB42B5AE672003E9D10 /* Project object */;
			proxyType = 1;
			remoteGlobalIDString = B6E9FFBC2B5AE672003E9D10;
			remoteInfo = AEPNotificationContent;
		};
/* End PBXContainerItemProxy section */

/* Begin PBXCopyFilesBuildPhase section */
		B632B36F2B63230100D04C48 /* Embed Foundation Extensions */ = {
			isa = PBXCopyFilesBuildPhase;
			buildActionMask = 2147483647;
			dstPath = "";
			dstSubfolderSpec = 13;
			files = (
				B632B36B2B63230000D04C48 /* DemoAppNotificationContent.appex in Embed Foundation Extensions */,
			);
			name = "Embed Foundation Extensions";
			runOnlyForDeploymentPostprocessing = 0;
		};
/* End PBXCopyFilesBuildPhase section */

/* Begin PBXFileReference section */
		06926D379CA5D46B4E814218 /* Pods-DemoApp.debug.xcconfig */ = {isa = PBXFileReference; includeInIndex = 1; lastKnownFileType = text.xcconfig; name = "Pods-DemoApp.debug.xcconfig"; path = "Target Support Files/Pods-DemoApp/Pods-DemoApp.debug.xcconfig"; sourceTree = "<group>"; };
		17CE7A3FB2D9B539E13F0114 /* Pods-DemoApp.release.xcconfig */ = {isa = PBXFileReference; includeInIndex = 1; lastKnownFileType = text.xcconfig; name = "Pods-DemoApp.release.xcconfig"; path = "Target Support Files/Pods-DemoApp/Pods-DemoApp.release.xcconfig"; sourceTree = "<group>"; };
		B632B34D2B63182000D04C48 /* Assets.xcassets */ = {isa = PBXFileReference; lastKnownFileType = folder.assetcatalog; path = Assets.xcassets; sourceTree = "<group>"; };
		B632B34F2B63182000D04C48 /* Preview Assets.xcassets */ = {isa = PBXFileReference; lastKnownFileType = folder.assetcatalog; path = "Preview Assets.xcassets"; sourceTree = "<group>"; };
		B632B3502B63182000D04C48 /* ContentView.swift */ = {isa = PBXFileReference; fileEncoding = 4; lastKnownFileType = sourcecode.swift; path = ContentView.swift; sourceTree = "<group>"; };
		B632B3512B63182000D04C48 /* DemoApp.swift */ = {isa = PBXFileReference; fileEncoding = 4; lastKnownFileType = sourcecode.swift; path = DemoApp.swift; sourceTree = "<group>"; };
		B632B35F2B63230000D04C48 /* DemoAppNotificationContent.appex */ = {isa = PBXFileReference; explicitFileType = "wrapper.app-extension"; includeInIndex = 0; path = DemoAppNotificationContent.appex; sourceTree = BUILT_PRODUCTS_DIR; };
		B632B3632B63230000D04C48 /* NotificationViewController.swift */ = {isa = PBXFileReference; lastKnownFileType = sourcecode.swift; path = NotificationViewController.swift; sourceTree = "<group>"; };
		B632B3662B63230000D04C48 /* Base */ = {isa = PBXFileReference; lastKnownFileType = file.storyboard; name = Base; path = Base.lproj/MainInterface.storyboard; sourceTree = "<group>"; };
		B632B3682B63230000D04C48 /* Info.plist */ = {isa = PBXFileReference; lastKnownFileType = text.plist.xml; path = Info.plist; sourceTree = "<group>"; };
		B632B3702B64193400D04C48 /* AEPNotificationContentConstants.swift */ = {isa = PBXFileReference; lastKnownFileType = sourcecode.swift; path = AEPNotificationContentConstants.swift; sourceTree = "<group>"; };
		B64224382B688FE100BAA595 /* AppDelegate.swift */ = {isa = PBXFileReference; lastKnownFileType = sourcecode.swift; path = AppDelegate.swift; sourceTree = "<group>"; };
		B642243A2B69528C00BAA595 /* DemoApp.entitlements */ = {isa = PBXFileReference; lastKnownFileType = text.plist.entitlements; path = DemoApp.entitlements; sourceTree = SOURCE_ROOT; };
		B64224422B6ABDED00BAA595 /* ImageDownloader.swift */ = {isa = PBXFileReference; lastKnownFileType = sourcecode.swift; path = ImageDownloader.swift; sourceTree = "<group>"; };
		B64224442B6C4F0C00BAA595 /* ImageDownloadError.swift */ = {isa = PBXFileReference; lastKnownFileType = sourcecode.swift; path = ImageDownloadError.swift; sourceTree = "<group>"; };
		B69F9F322B6D804B00AC4B91 /* FallbackTemplateController.swift */ = {isa = PBXFileReference; lastKnownFileType = sourcecode.swift; path = FallbackTemplateController.swift; sourceTree = "<group>"; };
		B69F9F342B6F173C00AC4B91 /* TitleDescriptionView.swift */ = {isa = PBXFileReference; lastKnownFileType = sourcecode.swift; path = TitleDescriptionView.swift; sourceTree = "<group>"; };
		B69F9F362B70118800AC4B91 /* BasicTemplateController.swift */ = {isa = PBXFileReference; lastKnownFileType = sourcecode.swift; path = BasicTemplateController.swift; sourceTree = "<group>"; };
		B69F9F392B717CC900AC4B91 /* UIKit.framework */ = {isa = PBXFileReference; lastKnownFileType = wrapper.framework; name = UIKit.framework; path = Platforms/MacOSX.platform/Developer/SDKs/MacOSX14.0.sdk/System/iOSSupport/System/Library/Frameworks/UIKit.framework; sourceTree = DEVELOPER_DIR; };
		B6ADF46E2B62EFBB007D8DDB /* AEPNotificationViewController.swift */ = {isa = PBXFileReference; fileEncoding = 4; lastKnownFileType = sourcecode.swift; path = AEPNotificationViewController.swift; sourceTree = "<group>"; };
		B6ADF46F2B62EFBB007D8DDB /* AEPNotificationContent.h */ = {isa = PBXFileReference; fileEncoding = 4; lastKnownFileType = sourcecode.c.h; path = AEPNotificationContent.h; sourceTree = "<group>"; };
		B6ADF4852B62F34A007D8DDB /* UserNotifications.framework */ = {isa = PBXFileReference; lastKnownFileType = wrapper.framework; name = UserNotifications.framework; path = Platforms/MacOSX.platform/Developer/SDKs/MacOSX14.0.sdk/System/Library/Frameworks/UserNotifications.framework; sourceTree = DEVELOPER_DIR; };
		B6ADF4862B62F34A007D8DDB /* UserNotificationsUI.framework */ = {isa = PBXFileReference; lastKnownFileType = wrapper.framework; name = UserNotificationsUI.framework; path = Platforms/MacOSX.platform/Developer/SDKs/MacOSX14.0.sdk/System/iOSSupport/System/Library/Frameworks/UserNotificationsUI.framework; sourceTree = DEVELOPER_DIR; };
		B6ADF48D2B63169B007D8DDB /* DemoApp.app */ = {isa = PBXFileReference; explicitFileType = wrapper.application; includeInIndex = 0; path = DemoApp.app; sourceTree = BUILT_PRODUCTS_DIR; };
		B6E073C02B717ED2000B9E0B /* String+LabelHeight.swift */ = {isa = PBXFileReference; lastKnownFileType = sourcecode.swift; path = "String+LabelHeight.swift"; sourceTree = "<group>"; };
		B6E073C22B71B53C000B9E0B /* BasicTemplatePayload.swift */ = {isa = PBXFileReference; lastKnownFileType = sourcecode.swift; path = BasicTemplatePayload.swift; sourceTree = "<group>"; };
		B6E073C42B71B6B2000B9E0B /* TitleDescriptionPayload.swift */ = {isa = PBXFileReference; lastKnownFileType = sourcecode.swift; path = TitleDescriptionPayload.swift; sourceTree = "<group>"; };
		B6E073C62B71D5C4000B9E0B /* Color+HexString.swift */ = {isa = PBXFileReference; lastKnownFileType = sourcecode.swift; path = "Color+HexString.swift"; sourceTree = "<group>"; };
		B6E9FFBD2B5AE672003E9D10 /* AEPNotificationContent.framework */ = {isa = PBXFileReference; explicitFileType = wrapper.framework; includeInIndex = 0; path = AEPNotificationContent.framework; sourceTree = BUILT_PRODUCTS_DIR; };
		BF013C8606FDB41E7336EBD9 /* Pods_DemoApp.framework */ = {isa = PBXFileReference; explicitFileType = wrapper.framework; includeInIndex = 0; path = Pods_DemoApp.framework; sourceTree = BUILT_PRODUCTS_DIR; };
/* End PBXFileReference section */

/* Begin PBXFrameworksBuildPhase section */
		B632B35C2B63230000D04C48 /* Frameworks */ = {
			isa = PBXFrameworksBuildPhase;
			buildActionMask = 2147483647;
			files = (
				B64224372B6872DB00BAA595 /* AEPNotificationContent.framework in Frameworks */,
				B632B3612B63230000D04C48 /* UserNotificationsUI.framework in Frameworks */,
				B632B3602B63230000D04C48 /* UserNotifications.framework in Frameworks */,
			);
			runOnlyForDeploymentPostprocessing = 0;
		};
		B6ADF48A2B63169B007D8DDB /* Frameworks */ = {
			isa = PBXFrameworksBuildPhase;
			buildActionMask = 2147483647;
			files = (
				D1AF3549E9FABE234DE3040F /* Pods_DemoApp.framework in Frameworks */,
			);
			runOnlyForDeploymentPostprocessing = 0;
		};
		B6E9FFBA2B5AE672003E9D10 /* Frameworks */ = {
			isa = PBXFrameworksBuildPhase;
			buildActionMask = 2147483647;
			files = (
				B6ADF4882B62F34A007D8DDB /* UserNotificationsUI.framework in Frameworks */,
				B6ADF4872B62F34A007D8DDB /* UserNotifications.framework in Frameworks */,
			);
			runOnlyForDeploymentPostprocessing = 0;
		};
/* End PBXFrameworksBuildPhase section */

/* Begin PBXGroup section */
		81B20672BDDD6179B868484E /* Pods */ = {
			isa = PBXGroup;
			children = (
				06926D379CA5D46B4E814218 /* Pods-DemoApp.debug.xcconfig */,
				17CE7A3FB2D9B539E13F0114 /* Pods-DemoApp.release.xcconfig */,
			);
			path = Pods;
			sourceTree = "<group>";
		};
		B632B34C2B63182000D04C48 /* DemoApp */ = {
			isa = PBXGroup;
			children = (
				B642243A2B69528C00BAA595 /* DemoApp.entitlements */,
				B64224382B688FE100BAA595 /* AppDelegate.swift */,
				B632B3502B63182000D04C48 /* ContentView.swift */,
				B632B3512B63182000D04C48 /* DemoApp.swift */,
				B632B34D2B63182000D04C48 /* Assets.xcassets */,
				B632B34E2B63182000D04C48 /* Preview Content */,
			);
			name = DemoApp;
			path = TestApps/DemoApp;
			sourceTree = "<group>";
		};
		B632B34E2B63182000D04C48 /* Preview Content */ = {
			isa = PBXGroup;
			children = (
				B632B34F2B63182000D04C48 /* Preview Assets.xcassets */,
			);
			path = "Preview Content";
			sourceTree = "<group>";
		};
		B632B3622B63230000D04C48 /* DemoAppNotificationContent */ = {
			isa = PBXGroup;
			children = (
				B632B3632B63230000D04C48 /* NotificationViewController.swift */,
				B632B3652B63230000D04C48 /* MainInterface.storyboard */,
				B632B3682B63230000D04C48 /* Info.plist */,
			);
			name = DemoAppNotificationContent;
			path = TestApps/DemoAppNotificationContent;
			sourceTree = "<group>";
		};
		B64224412B6ABDC700BAA595 /* Utility */ = {
			isa = PBXGroup;
			children = (
				B64224422B6ABDED00BAA595 /* ImageDownloader.swift */,
				B64224442B6C4F0C00BAA595 /* ImageDownloadError.swift */,
				B6E073C02B717ED2000B9E0B /* String+LabelHeight.swift */,
				B6E073C62B71D5C4000B9E0B /* Color+HexString.swift */,
			);
			path = Utility;
			sourceTree = "<group>";
		};
		B69F9F302B6D7D4E00AC4B91 /* PushTemplatesControllers */ = {
			isa = PBXGroup;
			children = (
				B69F9F322B6D804B00AC4B91 /* FallbackTemplateController.swift */,
				B69F9F362B70118800AC4B91 /* BasicTemplateController.swift */,
			);
			path = PushTemplatesControllers;
			sourceTree = "<group>";
		};
		B69F9F312B6D7E0700AC4B91 /* Views */ = {
			isa = PBXGroup;
			children = (
				B69F9F342B6F173C00AC4B91 /* TitleDescriptionView.swift */,
			);
			path = Views;
			sourceTree = "<group>";
		};
		B69F9F382B70529C00AC4B91 /* Modal */ = {
			isa = PBXGroup;
			children = (
				B6E073C22B71B53C000B9E0B /* BasicTemplatePayload.swift */,
				B6E073C42B71B6B2000B9E0B /* TitleDescriptionPayload.swift */,
			);
			path = Modal;
			sourceTree = "<group>";
		};
		B6ADF46D2B62EFBB007D8DDB /* Sources */ = {
			isa = PBXGroup;
			children = (
				B69F9F382B70529C00AC4B91 /* Modal */,
				B69F9F312B6D7E0700AC4B91 /* Views */,
				B69F9F302B6D7D4E00AC4B91 /* PushTemplatesControllers */,
				B64224412B6ABDC700BAA595 /* Utility */,
				B6ADF46F2B62EFBB007D8DDB /* AEPNotificationContent.h */,
				B6ADF46E2B62EFBB007D8DDB /* AEPNotificationViewController.swift */,
				B632B3702B64193400D04C48 /* AEPNotificationContentConstants.swift */,
			);
			name = Sources;
			path = AEPNotificationContent/Sources;
			sourceTree = "<group>";
		};
		B6ADF4842B62F34A007D8DDB /* Frameworks */ = {
			isa = PBXGroup;
			children = (
				B69F9F392B717CC900AC4B91 /* UIKit.framework */,
				B6ADF4852B62F34A007D8DDB /* UserNotifications.framework */,
				B6ADF4862B62F34A007D8DDB /* UserNotificationsUI.framework */,
				BF013C8606FDB41E7336EBD9 /* Pods_DemoApp.framework */,
			);
			name = Frameworks;
			sourceTree = "<group>";
		};
		B6E9FFB32B5AE672003E9D10 = {
			isa = PBXGroup;
			children = (
				B6ADF46D2B62EFBB007D8DDB /* Sources */,
				B632B34C2B63182000D04C48 /* DemoApp */,
				B632B3622B63230000D04C48 /* DemoAppNotificationContent */,
				B6E9FFBE2B5AE672003E9D10 /* Products */,
				B6ADF4842B62F34A007D8DDB /* Frameworks */,
				81B20672BDDD6179B868484E /* Pods */,
			);
			sourceTree = "<group>";
		};
		B6E9FFBE2B5AE672003E9D10 /* Products */ = {
			isa = PBXGroup;
			children = (
				B6E9FFBD2B5AE672003E9D10 /* AEPNotificationContent.framework */,
				B6ADF48D2B63169B007D8DDB /* DemoApp.app */,
				B632B35F2B63230000D04C48 /* DemoAppNotificationContent.appex */,
			);
			name = Products;
			sourceTree = "<group>";
		};
/* End PBXGroup section */

/* Begin PBXHeadersBuildPhase section */
		B6E9FFB82B5AE672003E9D10 /* Headers */ = {
			isa = PBXHeadersBuildPhase;
			buildActionMask = 2147483647;
			files = (
				B6ADF4712B62EFBB007D8DDB /* AEPNotificationContent.h in Headers */,
			);
			runOnlyForDeploymentPostprocessing = 0;
		};
/* End PBXHeadersBuildPhase section */

/* Begin PBXNativeTarget section */
		B632B35E2B63230000D04C48 /* DemoAppNotificationContent */ = {
			isa = PBXNativeTarget;
			buildConfigurationList = B632B36C2B63230100D04C48 /* Build configuration list for PBXNativeTarget "DemoAppNotificationContent" */;
			buildPhases = (
				B632B35B2B63230000D04C48 /* Sources */,
				B632B35C2B63230000D04C48 /* Frameworks */,
				B632B35D2B63230000D04C48 /* Resources */,
			);
			buildRules = (
			);
			dependencies = (
			);
			name = DemoAppNotificationContent;
			productName = DemoAppNotificationContent;
			productReference = B632B35F2B63230000D04C48 /* DemoAppNotificationContent.appex */;
			productType = "com.apple.product-type.app-extension";
		};
		B6ADF48C2B63169B007D8DDB /* DemoApp */ = {
			isa = PBXNativeTarget;
			buildConfigurationList = B6ADF49A2B63169C007D8DDB /* Build configuration list for PBXNativeTarget "DemoApp" */;
			buildPhases = (
				5A4DF99311ED2CA3BB1B14E8 /* [CP] Check Pods Manifest.lock */,
				B6ADF4892B63169B007D8DDB /* Sources */,
				B6ADF48A2B63169B007D8DDB /* Frameworks */,
				B6ADF48B2B63169B007D8DDB /* Resources */,
				B632B36F2B63230100D04C48 /* Embed Foundation Extensions */,
				8E50594B585EFB63A4C36E4D /* [CP] Embed Pods Frameworks */,
			);
			buildRules = (
			);
			dependencies = (
				B632B36A2B63230000D04C48 /* PBXTargetDependency */,
			);
			name = DemoApp;
			productName = DemoApp;
			productReference = B6ADF48D2B63169B007D8DDB /* DemoApp.app */;
			productType = "com.apple.product-type.application";
		};
		B6E9FFBC2B5AE672003E9D10 /* AEPNotificationContent */ = {
			isa = PBXNativeTarget;
			buildConfigurationList = B6E9FFCF2B5AE672003E9D10 /* Build configuration list for PBXNativeTarget "AEPNotificationContent" */;
			buildPhases = (
				B6E9FFB82B5AE672003E9D10 /* Headers */,
				B6E9FFB92B5AE672003E9D10 /* Sources */,
				B6E9FFBA2B5AE672003E9D10 /* Frameworks */,
				B6E9FFBB2B5AE672003E9D10 /* Resources */,
			);
			buildRules = (
			);
			dependencies = (
			);
			name = AEPNotificationContent;
			productName = AEPNotificationContent;
			productReference = B6E9FFBD2B5AE672003E9D10 /* AEPNotificationContent.framework */;
			productType = "com.apple.product-type.framework";
		};
/* End PBXNativeTarget section */

/* Begin PBXProject section */
		B6E9FFB42B5AE672003E9D10 /* Project object */ = {
			isa = PBXProject;
			attributes = {
				BuildIndependentTargetsInParallel = 1;
				LastSwiftUpdateCheck = 1500;
				LastUpgradeCheck = 1500;
				TargetAttributes = {
					B632B35E2B63230000D04C48 = {
						CreatedOnToolsVersion = 15.0.1;
					};
					B642243B2B697A7300BAA595 = {
						CreatedOnToolsVersion = 15.0.1;
					};
					B6ADF48C2B63169B007D8DDB = {
						CreatedOnToolsVersion = 15.0.1;
					};
					B6E9FFBC2B5AE672003E9D10 = {
						CreatedOnToolsVersion = 15.0.1;
						LastSwiftMigration = 1500;
					};
				};
			};
			buildConfigurationList = B6E9FFB72B5AE672003E9D10 /* Build configuration list for PBXProject "AEPNotificationContent" */;
			compatibilityVersion = "Xcode 14.0";
			developmentRegion = en;
			hasScannedForEncodings = 0;
			knownRegions = (
				en,
				Base,
			);
			mainGroup = B6E9FFB32B5AE672003E9D10;
			productRefGroup = B6E9FFBE2B5AE672003E9D10 /* Products */;
			projectDirPath = "";
			projectRoot = "";
			targets = (
				B6E9FFBC2B5AE672003E9D10 /* AEPNotificationContent */,
				B6ADF48C2B63169B007D8DDB /* DemoApp */,
				B632B35E2B63230000D04C48 /* DemoAppNotificationContent */,
				B642243B2B697A7300BAA595 /* AEPNotificationContentXCF */,
			);
		};
/* End PBXProject section */

/* Begin PBXResourcesBuildPhase section */
		B632B35D2B63230000D04C48 /* Resources */ = {
			isa = PBXResourcesBuildPhase;
			buildActionMask = 2147483647;
			files = (
				B632B3672B63230000D04C48 /* MainInterface.storyboard in Resources */,
			);
			runOnlyForDeploymentPostprocessing = 0;
		};
		B6ADF48B2B63169B007D8DDB /* Resources */ = {
			isa = PBXResourcesBuildPhase;
			buildActionMask = 2147483647;
			files = (
				B632B35A2B63213800D04C48 /* Assets.xcassets in Resources */,
			);
			runOnlyForDeploymentPostprocessing = 0;
		};
		B6E9FFBB2B5AE672003E9D10 /* Resources */ = {
			isa = PBXResourcesBuildPhase;
			buildActionMask = 2147483647;
			files = (
			);
			runOnlyForDeploymentPostprocessing = 0;
		};
/* End PBXResourcesBuildPhase section */

/* Begin PBXShellScriptBuildPhase section */
		5A4DF99311ED2CA3BB1B14E8 /* [CP] Check Pods Manifest.lock */ = {
			isa = PBXShellScriptBuildPhase;
			buildActionMask = 2147483647;
			files = (
			);
			inputFileListPaths = (
			);
			inputPaths = (
				"${PODS_PODFILE_DIR_PATH}/Podfile.lock",
				"${PODS_ROOT}/Manifest.lock",
			);
			name = "[CP] Check Pods Manifest.lock";
			outputFileListPaths = (
			);
			outputPaths = (
				"$(DERIVED_FILE_DIR)/Pods-DemoApp-checkManifestLockResult.txt",
			);
			runOnlyForDeploymentPostprocessing = 0;
			shellPath = /bin/sh;
			shellScript = "diff \"${PODS_PODFILE_DIR_PATH}/Podfile.lock\" \"${PODS_ROOT}/Manifest.lock\" > /dev/null\nif [ $? != 0 ] ; then\n    # print error to STDERR\n    echo \"error: The sandbox is not in sync with the Podfile.lock. Run 'pod install' or update your CocoaPods installation.\" >&2\n    exit 1\nfi\n# This output is used by Xcode 'outputs' to avoid re-running this script phase.\necho \"SUCCESS\" > \"${SCRIPT_OUTPUT_FILE_0}\"\n";
			showEnvVarsInLog = 0;
		};
		8E50594B585EFB63A4C36E4D /* [CP] Embed Pods Frameworks */ = {
			isa = PBXShellScriptBuildPhase;
			buildActionMask = 2147483647;
			files = (
			);
			inputFileListPaths = (
				"${PODS_ROOT}/Target Support Files/Pods-DemoApp/Pods-DemoApp-frameworks-${CONFIGURATION}-input-files.xcfilelist",
			);
			name = "[CP] Embed Pods Frameworks";
			outputFileListPaths = (
				"${PODS_ROOT}/Target Support Files/Pods-DemoApp/Pods-DemoApp-frameworks-${CONFIGURATION}-output-files.xcfilelist",
			);
			runOnlyForDeploymentPostprocessing = 0;
			shellPath = /bin/sh;
			shellScript = "\"${PODS_ROOT}/Target Support Files/Pods-DemoApp/Pods-DemoApp-frameworks.sh\"\n";
			showEnvVarsInLog = 0;
		};
/* End PBXShellScriptBuildPhase section */

/* Begin PBXSourcesBuildPhase section */
		B632B35B2B63230000D04C48 /* Sources */ = {
			isa = PBXSourcesBuildPhase;
			buildActionMask = 2147483647;
			files = (
				B632B3642B63230000D04C48 /* NotificationViewController.swift in Sources */,
			);
			runOnlyForDeploymentPostprocessing = 0;
		};
		B6ADF4892B63169B007D8DDB /* Sources */ = {
			isa = PBXSourcesBuildPhase;
			buildActionMask = 2147483647;
			files = (
				B64224392B688FE100BAA595 /* AppDelegate.swift in Sources */,
				B632B3572B63183E00D04C48 /* ContentView.swift in Sources */,
				B632B3562B63183800D04C48 /* DemoApp.swift in Sources */,
			);
			runOnlyForDeploymentPostprocessing = 0;
		};
		B6E9FFB92B5AE672003E9D10 /* Sources */ = {
			isa = PBXSourcesBuildPhase;
			buildActionMask = 2147483647;
			files = (
				B6E073C52B71B6B2000B9E0B /* TitleDescriptionPayload.swift in Sources */,
				B6E073C32B71B53C000B9E0B /* BasicTemplatePayload.swift in Sources */,
				B64224452B6C4F0C00BAA595 /* ImageDownloadError.swift in Sources */,
				B69F9F332B6D804B00AC4B91 /* FallbackTemplateController.swift in Sources */,
				B632B3712B64193400D04C48 /* AEPNotificationContentConstants.swift in Sources */,
				B6E073C72B71D5C4000B9E0B /* Color+HexString.swift in Sources */,
				B64224432B6ABDED00BAA595 /* ImageDownloader.swift in Sources */,
				B6ADF4702B62EFBB007D8DDB /* AEPNotificationViewController.swift in Sources */,
				B69F9F352B6F173C00AC4B91 /* TitleDescriptionView.swift in Sources */,
				B6E073C12B717ED2000B9E0B /* String+LabelHeight.swift in Sources */,
				B69F9F372B70118800AC4B91 /* BasicTemplateController.swift in Sources */,
			);
			runOnlyForDeploymentPostprocessing = 0;
		};
/* End PBXSourcesBuildPhase section */

/* Begin PBXTargetDependency section */
		B632B36A2B63230000D04C48 /* PBXTargetDependency */ = {
			isa = PBXTargetDependency;
			target = B632B35E2B63230000D04C48 /* DemoAppNotificationContent */;
			targetProxy = B632B3692B63230000D04C48 /* PBXContainerItemProxy */;
		};
		B64224402B697B6400BAA595 /* PBXTargetDependency */ = {
			isa = PBXTargetDependency;
			target = B6E9FFBC2B5AE672003E9D10 /* AEPNotificationContent */;
			targetProxy = B642243F2B697B6400BAA595 /* PBXContainerItemProxy */;
		};
/* End PBXTargetDependency section */

/* Begin PBXVariantGroup section */
		B632B3652B63230000D04C48 /* MainInterface.storyboard */ = {
			isa = PBXVariantGroup;
			children = (
				B632B3662B63230000D04C48 /* Base */,
			);
			name = MainInterface.storyboard;
			sourceTree = "<group>";
		};
/* End PBXVariantGroup section */

/* Begin XCBuildConfiguration section */
		B632B36D2B63230100D04C48 /* Debug */ = {
			isa = XCBuildConfiguration;
			buildSettings = {
				CODE_SIGN_STYLE = Automatic;
				CURRENT_PROJECT_VERSION = 1;
				DEVELOPMENT_TEAM = FKGEE875K4;
				GENERATE_INFOPLIST_FILE = YES;
				INFOPLIST_FILE = TestApps/DemoAppNotificationContent/Info.plist;
				INFOPLIST_KEY_CFBundleDisplayName = DemoAppNotificationContent;
				INFOPLIST_KEY_NSHumanReadableCopyright = "";
				LD_RUNPATH_SEARCH_PATHS = (
					"$(inherited)",
					"@executable_path/Frameworks",
					"@executable_path/../../Frameworks",
				);
				MARKETING_VERSION = 1.0;
				PRODUCT_BUNDLE_IDENTIFIER = com.adobe.aep.DemoApp.DemoAppNotificationContent;
				PRODUCT_NAME = "$(TARGET_NAME)";
				SKIP_INSTALL = YES;
				SWIFT_EMIT_LOC_STRINGS = YES;
				SWIFT_VERSION = 5.0;
				TARGETED_DEVICE_FAMILY = "1,2";
			};
			name = Debug;
		};
		B632B36E2B63230100D04C48 /* Release */ = {
			isa = XCBuildConfiguration;
			buildSettings = {
				CODE_SIGN_STYLE = Automatic;
				CURRENT_PROJECT_VERSION = 1;
				DEVELOPMENT_TEAM = FKGEE875K4;
				GENERATE_INFOPLIST_FILE = YES;
				INFOPLIST_FILE = TestApps/DemoAppNotificationContent/Info.plist;
				INFOPLIST_KEY_CFBundleDisplayName = DemoAppNotificationContent;
				INFOPLIST_KEY_NSHumanReadableCopyright = "";
				LD_RUNPATH_SEARCH_PATHS = (
					"$(inherited)",
					"@executable_path/Frameworks",
					"@executable_path/../../Frameworks",
				);
				MARKETING_VERSION = 1.0;
				PRODUCT_BUNDLE_IDENTIFIER = com.adobe.aep.DemoApp.DemoAppNotificationContent;
				PRODUCT_NAME = "$(TARGET_NAME)";
				SKIP_INSTALL = YES;
				SWIFT_EMIT_LOC_STRINGS = YES;
				SWIFT_VERSION = 5.0;
				TARGETED_DEVICE_FAMILY = "1,2";
			};
			name = Release;
		};
		B642243C2B697A7300BAA595 /* Debug */ = {
			isa = XCBuildConfiguration;
			buildSettings = {
				CODE_SIGN_STYLE = Automatic;
				DEVELOPMENT_TEAM = FKGEE875K4;
				PRODUCT_NAME = "$(TARGET_NAME)";
			};
			name = Debug;
		};
		B642243D2B697A7300BAA595 /* Release */ = {
			isa = XCBuildConfiguration;
			buildSettings = {
				CODE_SIGN_STYLE = Automatic;
				DEVELOPMENT_TEAM = FKGEE875K4;
				PRODUCT_NAME = "$(TARGET_NAME)";
			};
			name = Release;
		};
		B6ADF4982B63169C007D8DDB /* Debug */ = {
			isa = XCBuildConfiguration;
			baseConfigurationReference = 06926D379CA5D46B4E814218 /* Pods-DemoApp.debug.xcconfig */;
			buildSettings = {
				ALWAYS_EMBED_SWIFT_STANDARD_LIBRARIES = YES;
				ASSETCATALOG_COMPILER_APPICON_NAME = AppIcon;
				ASSETCATALOG_COMPILER_GLOBAL_ACCENT_COLOR_NAME = AccentColor;
				CODE_SIGN_ENTITLEMENTS = DemoApp.entitlements;
				CODE_SIGN_STYLE = Automatic;
				CURRENT_PROJECT_VERSION = 1;
				DEVELOPMENT_ASSET_PATHS = "\"TestApps/DemoApp/Preview Content\"";
				DEVELOPMENT_TEAM = FKGEE875K4;
				ENABLE_PREVIEWS = YES;
				GENERATE_INFOPLIST_FILE = YES;
				INFOPLIST_KEY_UIApplicationSceneManifest_Generation = YES;
				INFOPLIST_KEY_UIApplicationSupportsIndirectInputEvents = YES;
				INFOPLIST_KEY_UILaunchScreen_Generation = YES;
				INFOPLIST_KEY_UISupportedInterfaceOrientations_iPad = "UIInterfaceOrientationPortrait UIInterfaceOrientationPortraitUpsideDown UIInterfaceOrientationLandscapeLeft UIInterfaceOrientationLandscapeRight";
				INFOPLIST_KEY_UISupportedInterfaceOrientations_iPhone = "UIInterfaceOrientationPortrait UIInterfaceOrientationLandscapeLeft UIInterfaceOrientationLandscapeRight";
				LD_RUNPATH_SEARCH_PATHS = (
					"$(inherited)",
					"@executable_path/Frameworks",
				);
				MARKETING_VERSION = 1.0;
				PRODUCT_BUNDLE_IDENTIFIER = com.adobe.aep.DemoApp;
				PRODUCT_NAME = "$(TARGET_NAME)";
				SWIFT_EMIT_LOC_STRINGS = YES;
				SWIFT_VERSION = 5.0;
				TARGETED_DEVICE_FAMILY = "1,2";
			};
			name = Debug;
		};
		B6ADF4992B63169C007D8DDB /* Release */ = {
			isa = XCBuildConfiguration;
			baseConfigurationReference = 17CE7A3FB2D9B539E13F0114 /* Pods-DemoApp.release.xcconfig */;
			buildSettings = {
				ALWAYS_EMBED_SWIFT_STANDARD_LIBRARIES = YES;
				ASSETCATALOG_COMPILER_APPICON_NAME = AppIcon;
				ASSETCATALOG_COMPILER_GLOBAL_ACCENT_COLOR_NAME = AccentColor;
				CODE_SIGN_ENTITLEMENTS = DemoApp.entitlements;
				CODE_SIGN_STYLE = Automatic;
				CURRENT_PROJECT_VERSION = 1;
				DEVELOPMENT_ASSET_PATHS = "\"TestApps/DemoApp/Preview Content\"";
				DEVELOPMENT_TEAM = FKGEE875K4;
				ENABLE_PREVIEWS = YES;
				GENERATE_INFOPLIST_FILE = YES;
				INFOPLIST_KEY_UIApplicationSceneManifest_Generation = YES;
				INFOPLIST_KEY_UIApplicationSupportsIndirectInputEvents = YES;
				INFOPLIST_KEY_UILaunchScreen_Generation = YES;
				INFOPLIST_KEY_UISupportedInterfaceOrientations_iPad = "UIInterfaceOrientationPortrait UIInterfaceOrientationPortraitUpsideDown UIInterfaceOrientationLandscapeLeft UIInterfaceOrientationLandscapeRight";
				INFOPLIST_KEY_UISupportedInterfaceOrientations_iPhone = "UIInterfaceOrientationPortrait UIInterfaceOrientationLandscapeLeft UIInterfaceOrientationLandscapeRight";
				LD_RUNPATH_SEARCH_PATHS = (
					"$(inherited)",
					"@executable_path/Frameworks",
				);
				MARKETING_VERSION = 1.0;
				PRODUCT_BUNDLE_IDENTIFIER = com.adobe.aep.DemoApp;
				PRODUCT_NAME = "$(TARGET_NAME)";
				SWIFT_EMIT_LOC_STRINGS = YES;
				SWIFT_VERSION = 5.0;
				TARGETED_DEVICE_FAMILY = "1,2";
			};
			name = Release;
		};
		B6E9FFCD2B5AE672003E9D10 /* Debug */ = {
			isa = XCBuildConfiguration;
			buildSettings = {
				ALWAYS_SEARCH_USER_PATHS = NO;
				ASSETCATALOG_COMPILER_GENERATE_SWIFT_ASSET_SYMBOL_EXTENSIONS = YES;
				CLANG_ANALYZER_NONNULL = YES;
				CLANG_ANALYZER_NUMBER_OBJECT_CONVERSION = YES_AGGRESSIVE;
				CLANG_CXX_LANGUAGE_STANDARD = "gnu++20";
				CLANG_ENABLE_MODULES = YES;
				CLANG_ENABLE_OBJC_ARC = YES;
				CLANG_ENABLE_OBJC_WEAK = YES;
				CLANG_WARN_BLOCK_CAPTURE_AUTORELEASING = YES;
				CLANG_WARN_BOOL_CONVERSION = YES;
				CLANG_WARN_COMMA = YES;
				CLANG_WARN_CONSTANT_CONVERSION = YES;
				CLANG_WARN_DEPRECATED_OBJC_IMPLEMENTATIONS = YES;
				CLANG_WARN_DIRECT_OBJC_ISA_USAGE = YES_ERROR;
				CLANG_WARN_DOCUMENTATION_COMMENTS = YES;
				CLANG_WARN_EMPTY_BODY = YES;
				CLANG_WARN_ENUM_CONVERSION = YES;
				CLANG_WARN_INFINITE_RECURSION = YES;
				CLANG_WARN_INT_CONVERSION = YES;
				CLANG_WARN_NON_LITERAL_NULL_CONVERSION = YES;
				CLANG_WARN_OBJC_IMPLICIT_RETAIN_SELF = YES;
				CLANG_WARN_OBJC_LITERAL_CONVERSION = YES;
				CLANG_WARN_OBJC_ROOT_CLASS = YES_ERROR;
				CLANG_WARN_QUOTED_INCLUDE_IN_FRAMEWORK_HEADER = YES;
				CLANG_WARN_RANGE_LOOP_ANALYSIS = YES;
				CLANG_WARN_STRICT_PROTOTYPES = YES;
				CLANG_WARN_SUSPICIOUS_MOVE = YES;
				CLANG_WARN_UNGUARDED_AVAILABILITY = YES_AGGRESSIVE;
				CLANG_WARN_UNREACHABLE_CODE = YES;
				CLANG_WARN__DUPLICATE_METHOD_MATCH = YES;
				COPY_PHASE_STRIP = NO;
				CURRENT_PROJECT_VERSION = 1;
				DEBUG_INFORMATION_FORMAT = dwarf;
				ENABLE_STRICT_OBJC_MSGSEND = YES;
				ENABLE_TESTABILITY = YES;
				ENABLE_USER_SCRIPT_SANDBOXING = NO;
				GCC_C_LANGUAGE_STANDARD = gnu17;
				GCC_DYNAMIC_NO_PIC = NO;
				GCC_NO_COMMON_BLOCKS = YES;
				GCC_OPTIMIZATION_LEVEL = 0;
				GCC_PREPROCESSOR_DEFINITIONS = (
					"DEBUG=1",
					"$(inherited)",
				);
				GCC_WARN_64_TO_32_BIT_CONVERSION = YES;
				GCC_WARN_ABOUT_RETURN_TYPE = YES_ERROR;
				GCC_WARN_UNDECLARED_SELECTOR = YES;
				GCC_WARN_UNINITIALIZED_AUTOS = YES_AGGRESSIVE;
				GCC_WARN_UNUSED_FUNCTION = YES;
				GCC_WARN_UNUSED_VARIABLE = YES;
				IPHONEOS_DEPLOYMENT_TARGET = 17.0;
				LOCALIZATION_PREFERS_STRING_CATALOGS = YES;
				MTL_ENABLE_DEBUG_INFO = INCLUDE_SOURCE;
				MTL_FAST_MATH = YES;
				ONLY_ACTIVE_ARCH = YES;
				SDKROOT = iphoneos;
				SWIFT_ACTIVE_COMPILATION_CONDITIONS = "DEBUG $(inherited)";
				SWIFT_OPTIMIZATION_LEVEL = "-Onone";
				VERSIONING_SYSTEM = "apple-generic";
				VERSION_INFO_PREFIX = "";
			};
			name = Debug;
		};
		B6E9FFCE2B5AE672003E9D10 /* Release */ = {
			isa = XCBuildConfiguration;
			buildSettings = {
				ALWAYS_SEARCH_USER_PATHS = NO;
				ASSETCATALOG_COMPILER_GENERATE_SWIFT_ASSET_SYMBOL_EXTENSIONS = YES;
				CLANG_ANALYZER_NONNULL = YES;
				CLANG_ANALYZER_NUMBER_OBJECT_CONVERSION = YES_AGGRESSIVE;
				CLANG_CXX_LANGUAGE_STANDARD = "gnu++20";
				CLANG_ENABLE_MODULES = YES;
				CLANG_ENABLE_OBJC_ARC = YES;
				CLANG_ENABLE_OBJC_WEAK = YES;
				CLANG_WARN_BLOCK_CAPTURE_AUTORELEASING = YES;
				CLANG_WARN_BOOL_CONVERSION = YES;
				CLANG_WARN_COMMA = YES;
				CLANG_WARN_CONSTANT_CONVERSION = YES;
				CLANG_WARN_DEPRECATED_OBJC_IMPLEMENTATIONS = YES;
				CLANG_WARN_DIRECT_OBJC_ISA_USAGE = YES_ERROR;
				CLANG_WARN_DOCUMENTATION_COMMENTS = YES;
				CLANG_WARN_EMPTY_BODY = YES;
				CLANG_WARN_ENUM_CONVERSION = YES;
				CLANG_WARN_INFINITE_RECURSION = YES;
				CLANG_WARN_INT_CONVERSION = YES;
				CLANG_WARN_NON_LITERAL_NULL_CONVERSION = YES;
				CLANG_WARN_OBJC_IMPLICIT_RETAIN_SELF = YES;
				CLANG_WARN_OBJC_LITERAL_CONVERSION = YES;
				CLANG_WARN_OBJC_ROOT_CLASS = YES_ERROR;
				CLANG_WARN_QUOTED_INCLUDE_IN_FRAMEWORK_HEADER = YES;
				CLANG_WARN_RANGE_LOOP_ANALYSIS = YES;
				CLANG_WARN_STRICT_PROTOTYPES = YES;
				CLANG_WARN_SUSPICIOUS_MOVE = YES;
				CLANG_WARN_UNGUARDED_AVAILABILITY = YES_AGGRESSIVE;
				CLANG_WARN_UNREACHABLE_CODE = YES;
				CLANG_WARN__DUPLICATE_METHOD_MATCH = YES;
				COPY_PHASE_STRIP = NO;
				CURRENT_PROJECT_VERSION = 1;
				DEBUG_INFORMATION_FORMAT = "dwarf-with-dsym";
				ENABLE_NS_ASSERTIONS = NO;
				ENABLE_STRICT_OBJC_MSGSEND = YES;
				ENABLE_USER_SCRIPT_SANDBOXING = NO;
				GCC_C_LANGUAGE_STANDARD = gnu17;
				GCC_NO_COMMON_BLOCKS = YES;
				GCC_WARN_64_TO_32_BIT_CONVERSION = YES;
				GCC_WARN_ABOUT_RETURN_TYPE = YES_ERROR;
				GCC_WARN_UNDECLARED_SELECTOR = YES;
				GCC_WARN_UNINITIALIZED_AUTOS = YES_AGGRESSIVE;
				GCC_WARN_UNUSED_FUNCTION = YES;
				GCC_WARN_UNUSED_VARIABLE = YES;
				IPHONEOS_DEPLOYMENT_TARGET = 17.0;
				LOCALIZATION_PREFERS_STRING_CATALOGS = YES;
				MTL_ENABLE_DEBUG_INFO = NO;
				MTL_FAST_MATH = YES;
				SDKROOT = iphoneos;
				SWIFT_COMPILATION_MODE = wholemodule;
				VALIDATE_PRODUCT = YES;
				VERSIONING_SYSTEM = "apple-generic";
				VERSION_INFO_PREFIX = "";
			};
			name = Release;
		};
		B6E9FFD02B5AE672003E9D10 /* Debug */ = {
			isa = XCBuildConfiguration;
			buildSettings = {
				CLANG_ENABLE_MODULES = YES;
				CODE_SIGN_STYLE = Automatic;
				CURRENT_PROJECT_VERSION = 1;
				DEFINES_MODULE = YES;
				DEVELOPMENT_TEAM = FKGEE875K4;
				DYLIB_COMPATIBILITY_VERSION = 1;
				DYLIB_CURRENT_VERSION = 1;
				DYLIB_INSTALL_NAME_BASE = "@rpath";
				ENABLE_MODULE_VERIFIER = YES;
				GENERATE_INFOPLIST_FILE = YES;
				INFOPLIST_KEY_NSHumanReadableCopyright = "";
				INSTALL_PATH = "$(LOCAL_LIBRARY_DIR)/Frameworks";
				IPHONEOS_DEPLOYMENT_TARGET = 12.0;
				LD_RUNPATH_SEARCH_PATHS = (
					"$(inherited)",
					"@executable_path/Frameworks",
					"@loader_path/Frameworks",
				);
				MARKETING_VERSION = 1.0;
				MODULE_VERIFIER_SUPPORTED_LANGUAGES = "objective-c objective-c++";
				MODULE_VERIFIER_SUPPORTED_LANGUAGE_STANDARDS = "gnu17 gnu++20";
				PRODUCT_BUNDLE_IDENTIFIER = com.adobe.aep.AEPNotificationContent;
				PRODUCT_NAME = "$(TARGET_NAME:c99extidentifier)";
				SKIP_INSTALL = YES;
				SWIFT_EMIT_LOC_STRINGS = YES;
				SWIFT_OPTIMIZATION_LEVEL = "-Onone";
				SWIFT_VERSION = 5.0;
				TARGETED_DEVICE_FAMILY = "1,2";
			};
			name = Debug;
		};
		B6E9FFD12B5AE672003E9D10 /* Release */ = {
			isa = XCBuildConfiguration;
			buildSettings = {
				CLANG_ENABLE_MODULES = YES;
				CODE_SIGN_STYLE = Automatic;
				CURRENT_PROJECT_VERSION = 1;
				DEFINES_MODULE = YES;
				DEVELOPMENT_TEAM = FKGEE875K4;
				DYLIB_COMPATIBILITY_VERSION = 1;
				DYLIB_CURRENT_VERSION = 1;
				DYLIB_INSTALL_NAME_BASE = "@rpath";
				ENABLE_MODULE_VERIFIER = YES;
				GENERATE_INFOPLIST_FILE = YES;
				INFOPLIST_KEY_NSHumanReadableCopyright = "";
				INSTALL_PATH = "$(LOCAL_LIBRARY_DIR)/Frameworks";
				IPHONEOS_DEPLOYMENT_TARGET = 12.0;
				LD_RUNPATH_SEARCH_PATHS = (
					"$(inherited)",
					"@executable_path/Frameworks",
					"@loader_path/Frameworks",
				);
				MARKETING_VERSION = 1.0;
				MODULE_VERIFIER_SUPPORTED_LANGUAGES = "objective-c objective-c++";
				MODULE_VERIFIER_SUPPORTED_LANGUAGE_STANDARDS = "gnu17 gnu++20";
				PRODUCT_BUNDLE_IDENTIFIER = com.adobe.aep.AEPNotificationContent;
				PRODUCT_NAME = "$(TARGET_NAME:c99extidentifier)";
				SKIP_INSTALL = YES;
				SWIFT_EMIT_LOC_STRINGS = YES;
				SWIFT_VERSION = 5.0;
				TARGETED_DEVICE_FAMILY = "1,2";
			};
			name = Release;
		};
/* End XCBuildConfiguration section */

/* Begin XCConfigurationList section */
		B632B36C2B63230100D04C48 /* Build configuration list for PBXNativeTarget "DemoAppNotificationContent" */ = {
			isa = XCConfigurationList;
			buildConfigurations = (
				B632B36D2B63230100D04C48 /* Debug */,
				B632B36E2B63230100D04C48 /* Release */,
			);
			defaultConfigurationIsVisible = 0;
			defaultConfigurationName = Release;
		};
		B642243E2B697A7300BAA595 /* Build configuration list for PBXAggregateTarget "AEPNotificationContentXCF" */ = {
			isa = XCConfigurationList;
			buildConfigurations = (
				B642243C2B697A7300BAA595 /* Debug */,
				B642243D2B697A7300BAA595 /* Release */,
			);
			defaultConfigurationIsVisible = 0;
			defaultConfigurationName = Release;
		};
		B6ADF49A2B63169C007D8DDB /* Build configuration list for PBXNativeTarget "DemoApp" */ = {
			isa = XCConfigurationList;
			buildConfigurations = (
				B6ADF4982B63169C007D8DDB /* Debug */,
				B6ADF4992B63169C007D8DDB /* Release */,
			);
			defaultConfigurationIsVisible = 0;
			defaultConfigurationName = Release;
		};
		B6E9FFB72B5AE672003E9D10 /* Build configuration list for PBXProject "AEPNotificationContent" */ = {
			isa = XCConfigurationList;
			buildConfigurations = (
				B6E9FFCD2B5AE672003E9D10 /* Debug */,
				B6E9FFCE2B5AE672003E9D10 /* Release */,
			);
			defaultConfigurationIsVisible = 0;
			defaultConfigurationName = Release;
		};
		B6E9FFCF2B5AE672003E9D10 /* Build configuration list for PBXNativeTarget "AEPNotificationContent" */ = {
			isa = XCConfigurationList;
			buildConfigurations = (
				B6E9FFD02B5AE672003E9D10 /* Debug */,
				B6E9FFD12B5AE672003E9D10 /* Release */,
			);
			defaultConfigurationIsVisible = 0;
			defaultConfigurationName = Release;
		};
/* End XCConfigurationList section */
	};
	rootObject = B6E9FFB42B5AE672003E9D10 /* Project object */;
}
